
Microsoft Visual Studio Solution File, Format Version 12.00
# Visual Studio Version 17
VisualStudioVersion = 17.0.31903.59
MinimumVisualStudioVersion = 10.0.40219.1
Project("{FAE04EC0-301F-11D3-BF4B-00C04F79EFBC}") = "Domain", "Domain\Domain.csproj", "{8F027042-DC31-4C26-B4C6-6C27119D2898}"
EndProject
Project("{FAE04EC0-301F-11D3-BF4B-00C04F79EFBC}") = "Application", "Application\Application.csproj", "{2913DCD2-00C9-4E95-8721-65B424E46D1C}"
EndProject
Project("{FAE04EC0-301F-11D3-BF4B-00C04F79EFBC}") = "Infrastructure", "Infrastructure\Infrastructure.csproj", "{EDE5FC8D-D1B3-4167-ABE7-0A4673CE0721}"
EndProject
Project("{FAE04EC0-301F-11D3-BF4B-00C04F79EFBC}") = "InterfaceAdapters", "InterfaceAdapters\InterfaceAdapters.csproj", "{2F79EE4C-FDD7-41BB-8DA6-303421BF0DBC}"
EndProject
Project("{2150E333-8FDC-42A3-9474-1A3956D46DE8}") = "Tests", "Tests", "{0AB3BF05-4346-4AA6-1389-037BE0695223}"
EndProject
Project("{FAE04EC0-301F-11D3-BF4B-00C04F79EFBC}") = "Domain.Tests", "Tests\Domain.Tests\Domain.Tests.csproj", "{7247B728-2880-4694-BA86-321D3FB462C4}"
EndProject
Project("{FAE04EC0-301F-11D3-BF4B-00C04F79EFBC}") = "Application.Tests", "Tests\Application.Tests\Application.Tests.csproj", "{828E50ED-791F-4B17-8758-BD0F1813091E}"
EndProject
Project("{FAE04EC0-301F-11D3-BF4B-00C04F79EFBC}") = "Infrastructure.Tests", "Tests\Infrastructure.Tests\Infrastructure.Tests.csproj", "{6A68335E-243E-46A5-B7C1-D6F1CAFA38AE}"
EndProject
Project("{FAE04EC0-301F-11D3-BF4B-00C04F79EFBC}") = "InterfaceAdapters.Tests", "Tests\InterfaceAdapters.Tests\InterfaceAdapters.Tests.csproj", "{5B14FEA8-5331-4CA5-97DC-605B272F88E7}"
EndProject
Global
	GlobalSection(SolutionConfigurationPlatforms) = preSolution
		Debug|Any CPU = Debug|Any CPU
		Debug|x64 = Debug|x64
		Debug|x86 = Debug|x86
		Release|Any CPU = Release|Any CPU
		Release|x64 = Release|x64
		Release|x86 = Release|x86
	EndGlobalSection
	GlobalSection(ProjectConfigurationPlatforms) = postSolution
		{8F027042-DC31-4C26-B4C6-6C27119D2898}.Debug|Any CPU.ActiveCfg = Debug|Any CPU
		{8F027042-DC31-4C26-B4C6-6C27119D2898}.Debug|Any CPU.Build.0 = Debug|Any CPU
		{8F027042-DC31-4C26-B4C6-6C27119D2898}.Debug|x64.ActiveCfg = Debug|Any CPU
		{8F027042-DC31-4C26-B4C6-6C27119D2898}.Debug|x64.Build.0 = Debug|Any CPU
		{8F027042-DC31-4C26-B4C6-6C27119D2898}.Debug|x86.ActiveCfg = Debug|Any CPU
		{8F027042-DC31-4C26-B4C6-6C27119D2898}.Debug|x86.Build.0 = Debug|Any CPU
		{8F027042-DC31-4C26-B4C6-6C27119D2898}.Release|Any CPU.ActiveCfg = Release|Any CPU
		{8F027042-DC31-4C26-B4C6-6C27119D2898}.Release|Any CPU.Build.0 = Release|Any CPU
		{8F027042-DC31-4C26-B4C6-6C27119D2898}.Release|x64.ActiveCfg = Release|Any CPU
		{8F027042-DC31-4C26-B4C6-6C27119D2898}.Release|x64.Build.0 = Release|Any CPU
		{8F027042-DC31-4C26-B4C6-6C27119D2898}.Release|x86.ActiveCfg = Release|Any CPU
		{8F027042-DC31-4C26-B4C6-6C27119D2898}.Release|x86.Build.0 = Release|Any CPU
		{2913DCD2-00C9-4E95-8721-65B424E46D1C}.Debug|Any CPU.ActiveCfg = Debug|Any CPU
		{2913DCD2-00C9-4E95-8721-65B424E46D1C}.Debug|Any CPU.Build.0 = Debug|Any CPU
		{2913DCD2-00C9-4E95-8721-65B424E46D1C}.Debug|x64.ActiveCfg = Debug|Any CPU
		{2913DCD2-00C9-4E95-8721-65B424E46D1C}.Debug|x64.Build.0 = Debug|Any CPU
		{2913DCD2-00C9-4E95-8721-65B424E46D1C}.Debug|x86.ActiveCfg = Debug|Any CPU
		{2913DCD2-00C9-4E95-8721-65B424E46D1C}.Debug|x86.Build.0 = Debug|Any CPU
		{2913DCD2-00C9-4E95-8721-65B424E46D1C}.Release|Any CPU.ActiveCfg = Release|Any CPU
		{2913DCD2-00C9-4E95-8721-65B424E46D1C}.Release|Any CPU.Build.0 = Release|Any CPU
		{2913DCD2-00C9-4E95-8721-65B424E46D1C}.Release|x64.ActiveCfg = Release|Any CPU
		{2913DCD2-00C9-4E95-8721-65B424E46D1C}.Release|x64.Build.0 = Release|Any CPU
		{2913DCD2-00C9-4E95-8721-65B424E46D1C}.Release|x86.ActiveCfg = Release|Any CPU
		{2913DCD2-00C9-4E95-8721-65B424E46D1C}.Release|x86.Build.0 = Release|Any CPU
		{EDE5FC8D-D1B3-4167-ABE7-0A4673CE0721}.Debug|Any CPU.ActiveCfg = Debug|Any CPU
		{EDE5FC8D-D1B3-4167-ABE7-0A4673CE0721}.Debug|Any CPU.Build.0 = Debug|Any CPU
		{EDE5FC8D-D1B3-4167-ABE7-0A4673CE0721}.Debug|x64.ActiveCfg = Debug|Any CPU
		{EDE5FC8D-D1B3-4167-ABE7-0A4673CE0721}.Debug|x64.Build.0 = Debug|Any CPU
		{EDE5FC8D-D1B3-4167-ABE7-0A4673CE0721}.Debug|x86.ActiveCfg = Debug|Any CPU
		{EDE5FC8D-D1B3-4167-ABE7-0A4673CE0721}.Debug|x86.Build.0 = Debug|Any CPU
		{EDE5FC8D-D1B3-4167-ABE7-0A4673CE0721}.Release|Any CPU.ActiveCfg = Release|Any CPU
		{EDE5FC8D-D1B3-4167-ABE7-0A4673CE0721}.Release|Any CPU.Build.0 = Release|Any CPU
		{EDE5FC8D-D1B3-4167-ABE7-0A4673CE0721}.Release|x64.ActiveCfg = Release|Any CPU
		{EDE5FC8D-D1B3-4167-ABE7-0A4673CE0721}.Release|x64.Build.0 = Release|Any CPU
		{EDE5FC8D-D1B3-4167-ABE7-0A4673CE0721}.Release|x86.ActiveCfg = Release|Any CPU
		{EDE5FC8D-D1B3-4167-ABE7-0A4673CE0721}.Release|x86.Build.0 = Release|Any CPU
		{2F79EE4C-FDD7-41BB-8DA6-303421BF0DBC}.Debug|Any CPU.ActiveCfg = Debug|Any CPU
		{2F79EE4C-FDD7-41BB-8DA6-303421BF0DBC}.Debug|Any CPU.Build.0 = Debug|Any CPU
		{2F79EE4C-FDD7-41BB-8DA6-303421BF0DBC}.Debug|x64.ActiveCfg = Debug|Any CPU
		{2F79EE4C-FDD7-41BB-8DA6-303421BF0DBC}.Debug|x64.Build.0 = Debug|Any CPU
		{2F79EE4C-FDD7-41BB-8DA6-303421BF0DBC}.Debug|x86.ActiveCfg = Debug|Any CPU
		{2F79EE4C-FDD7-41BB-8DA6-303421BF0DBC}.Debug|x86.Build.0 = Debug|Any CPU
		{2F79EE4C-FDD7-41BB-8DA6-303421BF0DBC}.Release|Any CPU.ActiveCfg = Release|Any CPU
		{2F79EE4C-FDD7-41BB-8DA6-303421BF0DBC}.Release|Any CPU.Build.0 = Release|Any CPU
		{2F79EE4C-FDD7-41BB-8DA6-303421BF0DBC}.Release|x64.ActiveCfg = Release|Any CPU
		{2F79EE4C-FDD7-41BB-8DA6-303421BF0DBC}.Release|x64.Build.0 = Release|Any CPU
		{2F79EE4C-FDD7-41BB-8DA6-303421BF0DBC}.Release|x86.ActiveCfg = Release|Any CPU
		{2F79EE4C-FDD7-41BB-8DA6-303421BF0DBC}.Release|x86.Build.0 = Release|Any CPU
		{7247B728-2880-4694-BA86-321D3FB462C4}.Debug|Any CPU.ActiveCfg = Debug|Any CPU
		{7247B728-2880-4694-BA86-321D3FB462C4}.Debug|Any CPU.Build.0 = Debug|Any CPU
		{7247B728-2880-4694-BA86-321D3FB462C4}.Debug|x64.ActiveCfg = Debug|Any CPU
		{7247B728-2880-4694-BA86-321D3FB462C4}.Debug|x64.Build.0 = Debug|Any CPU
		{7247B728-2880-4694-BA86-321D3FB462C4}.Debug|x86.ActiveCfg = Debug|Any CPU
		{7247B728-2880-4694-BA86-321D3FB462C4}.Debug|x86.Build.0 = Debug|Any CPU
		{7247B728-2880-4694-BA86-321D3FB462C4}.Release|Any CPU.ActiveCfg = Release|Any CPU
		{7247B728-2880-4694-BA86-321D3FB462C4}.Release|Any CPU.Build.0 = Release|Any CPU
		{7247B728-2880-4694-BA86-321D3FB462C4}.Release|x64.ActiveCfg = Release|Any CPU
		{7247B728-2880-4694-BA86-321D3FB462C4}.Release|x64.Build.0 = Release|Any CPU
		{7247B728-2880-4694-BA86-321D3FB462C4}.Release|x86.ActiveCfg = Release|Any CPU
		{7247B728-2880-4694-BA86-321D3FB462C4}.Release|x86.Build.0 = Release|Any CPU
		{828E50ED-791F-4B17-8758-BD0F1813091E}.Debug|Any CPU.ActiveCfg = Debug|Any CPU
		{828E50ED-791F-4B17-8758-BD0F1813091E}.Debug|Any CPU.Build.0 = Debug|Any CPU
		{828E50ED-791F-4B17-8758-BD0F1813091E}.Debug|x64.ActiveCfg = Debug|Any CPU
		{828E50ED-791F-4B17-8758-BD0F1813091E}.Debug|x64.Build.0 = Debug|Any CPU
		{828E50ED-791F-4B17-8758-BD0F1813091E}.Debug|x86.ActiveCfg = Debug|Any CPU
		{828E50ED-791F-4B17-8758-BD0F1813091E}.Debug|x86.Build.0 = Debug|Any CPU
		{828E50ED-791F-4B17-8758-BD0F1813091E}.Release|Any CPU.ActiveCfg = Release|Any CPU
		{828E50ED-791F-4B17-8758-BD0F1813091E}.Release|Any CPU.Build.0 = Release|Any CPU
		{828E50ED-791F-4B17-8758-BD0F1813091E}.Release|x64.ActiveCfg = Release|Any CPU
		{828E50ED-791F-4B17-8758-BD0F1813091E}.Release|x64.Build.0 = Release|Any CPU
		{828E50ED-791F-4B17-8758-BD0F1813091E}.Release|x86.ActiveCfg = Release|Any CPU
		{828E50ED-791F-4B17-8758-BD0F1813091E}.Release|x86.Build.0 = Release|Any CPU
		{6A68335E-243E-46A5-B7C1-D6F1CAFA38AE}.Debug|Any CPU.ActiveCfg = Debug|Any CPU
		{6A68335E-243E-46A5-B7C1-D6F1CAFA38AE}.Debug|Any CPU.Build.0 = Debug|Any CPU
		{6A68335E-243E-46A5-B7C1-D6F1CAFA38AE}.Debug|x64.ActiveCfg = Debug|Any CPU
		{6A68335E-243E-46A5-B7C1-D6F1CAFA38AE}.Debug|x64.Build.0 = Debug|Any CPU
		{6A68335E-243E-46A5-B7C1-D6F1CAFA38AE}.Debug|x86.ActiveCfg = Debug|Any CPU
		{6A68335E-243E-46A5-B7C1-D6F1CAFA38AE}.Debug|x86.Build.0 = Debug|Any CPU
		{6A68335E-243E-46A5-B7C1-D6F1CAFA38AE}.Release|Any CPU.ActiveCfg = Release|Any CPU
		{6A68335E-243E-46A5-B7C1-D6F1CAFA38AE}.Release|Any CPU.Build.0 = Release|Any CPU
		{6A68335E-243E-46A5-B7C1-D6F1CAFA38AE}.Release|x64.ActiveCfg = Release|Any CPU
		{6A68335E-243E-46A5-B7C1-D6F1CAFA38AE}.Release|x64.Build.0 = Release|Any CPU
		{6A68335E-243E-46A5-B7C1-D6F1CAFA38AE}.Release|x86.ActiveCfg = Release|Any CPU
		{6A68335E-243E-46A5-B7C1-D6F1CAFA38AE}.Release|x86.Build.0 = Release|Any CPU
		{5B14FEA8-5331-4CA5-97DC-605B272F88E7}.Debug|Any CPU.ActiveCfg = Debug|Any CPU
		{5B14FEA8-5331-4CA5-97DC-605B272F88E7}.Debug|Any CPU.Build.0 = Debug|Any CPU
		{5B14FEA8-5331-4CA5-97DC-605B272F88E7}.Debug|x64.ActiveCfg = Debug|Any CPU
		{5B14FEA8-5331-4CA5-97DC-605B272F88E7}.Debug|x64.Build.0 = Debug|Any CPU
		{5B14FEA8-5331-4CA5-97DC-605B272F88E7}.Debug|x86.ActiveCfg = Debug|Any CPU
		{5B14FEA8-5331-4CA5-97DC-605B272F88E7}.Debug|x86.Build.0 = Debug|Any CPU
		{5B14FEA8-5331-4CA5-97DC-605B272F88E7}.Release|Any CPU.ActiveCfg = Release|Any CPU
		{5B14FEA8-5331-4CA5-97DC-605B272F88E7}.Release|Any CPU.Build.0 = Release|Any CPU
		{5B14FEA8-5331-4CA5-97DC-605B272F88E7}.Release|x64.ActiveCfg = Release|Any CPU
		{5B14FEA8-5331-4CA5-97DC-605B272F88E7}.Release|x64.Build.0 = Release|Any CPU
		{5B14FEA8-5331-4CA5-97DC-605B272F88E7}.Release|x86.ActiveCfg = Release|Any CPU
		{5B14FEA8-5331-4CA5-97DC-605B272F88E7}.Release|x86.Build.0 = Release|Any CPU
	EndGlobalSection
	GlobalSection(SolutionProperties) = preSolution
		HideSolutionNode = FALSE
	EndGlobalSection
	GlobalSection(NestedProjects) = preSolution
		{7247B728-2880-4694-BA86-321D3FB462C4} = {0AB3BF05-4346-4AA6-1389-037BE0695223}
		{828E50ED-791F-4B17-8758-BD0F1813091E} = {0AB3BF05-4346-4AA6-1389-037BE0695223}
		{6A68335E-243E-46A5-B7C1-D6F1CAFA38AE} = {0AB3BF05-4346-4AA6-1389-037BE0695223}
		{5B14FEA8-5331-4CA5-97DC-605B272F88E7} = {0AB3BF05-4346-4AA6-1389-037BE0695223}
	EndGlobalSection
EndGlobal
